
Microsoft Visual Studio Solution File, Format Version 12.00
# Visual Studio 15
VisualStudioVersion = 15.0.28307.168
MinimumVisualStudioVersion = 10.0.40219.1
Project("{FAE04EC0-301F-11D3-BF4B-00C04F79EFBC}") = "Calculator", "Calculator\Calculator.csproj", "{72F57DAC-9157-4694-9D0F-45976B92BBEB}"
EndProject
Global
	GlobalSection(SolutionConfigurationPlatforms) = preSolution
		Debug|Any CPU = Debug|Any CPU
		Release|Any CPU = Release|Any CPU
	EndGlobalSection
	GlobalSection(ProjectConfigurationPlatforms) = postSolution
		{72F57DAC-9157-4694-9D0F-45976B92BBEB}.Debug|Any CPU.ActiveCfg = Debug|Any CPU
		{72F57DAC-9157-4694-9D0F-45976B92BBEB}.Debug|Any CPU.Build.0 = Debug|Any CPU
		{72F57DAC-9157-4694-9D0F-45976B92BBEB}.Release|Any CPU.ActiveCfg = Release|Any CPU
		{72F57DAC-9157-4694-9D0F-45976B92BBEB}.Release|Any CPU.Build.0 = Release|Any CPU
	EndGlobalSection
	GlobalSection(SolutionProperties) = preSolution
		HideSolutionNode = FALSE
	EndGlobalSection
	GlobalSection(ExtensibilityGlobals) = postSolution
		SolutionGuid = {C8E67497-DA72-411E-826B-D25C8F1C97A2}
	EndGlobalSection
EndGlobal
